// !$*UTF8*$!
{
	archiveVersion = 1;
	classes = {
	};
	objectVersion = 56;
	objects = {

/* Begin PBXBuildFile section */
		05BE6A572BD7499300D1EE64 /* Constants.swift in Sources */ = {isa = PBXBuildFile; fileRef = 05BE6A562BD7499300D1EE64 /* Constants.swift */; };
		05D951E62BE08F0100261192 /* HideKeyboardExtension.swift in Sources */ = {isa = PBXBuildFile; fileRef = 05D951E52BE08F0100261192 /* HideKeyboardExtension.swift */; };
		05D951E82BE315F800261192 /* BackgroundImageView.swift in Sources */ = {isa = PBXBuildFile; fileRef = 05D951E72BE315F800261192 /* BackgroundImageView.swift */; };
		05E0FA442BD1F068000173F0 /* DemoDevoteApp.swift in Sources */ = {isa = PBXBuildFile; fileRef = 05E0FA432BD1F068000173F0 /* DemoDevoteApp.swift */; };
		05E0FA462BD1F068000173F0 /* ContentView.swift in Sources */ = {isa = PBXBuildFile; fileRef = 05E0FA452BD1F068000173F0 /* ContentView.swift */; };
		05E0FA482BD1F06A000173F0 /* Assets.xcassets in Resources */ = {isa = PBXBuildFile; fileRef = 05E0FA472BD1F06A000173F0 /* Assets.xcassets */; };
		05E0FA4B2BD1F06A000173F0 /* Preview Assets.xcassets in Resources */ = {isa = PBXBuildFile; fileRef = 05E0FA4A2BD1F06A000173F0 /* Preview Assets.xcassets */; };
		05E0FA4D2BD1F06A000173F0 /* Persistence.swift in Sources */ = {isa = PBXBuildFile; fileRef = 05E0FA4C2BD1F06A000173F0 /* Persistence.swift */; };
		05E0FA502BD1F06A000173F0 /* DemoDevote.xcdatamodeld in Sources */ = {isa = PBXBuildFile; fileRef = 05E0FA4E2BD1F06A000173F0 /* DemoDevote.xcdatamodeld */; };
		05E0FA592BD1F1FB000173F0 /* sound-ding.mp3 in Resources */ = {isa = PBXBuildFile; fileRef = 05E0FA562BD1F1FB000173F0 /* sound-ding.mp3 */; };
		05E0FA5A2BD1F1FB000173F0 /* sound-rise.mp3 in Resources */ = {isa = PBXBuildFile; fileRef = 05E0FA572BD1F1FB000173F0 /* sound-rise.mp3 */; };
		05E0FA5B2BD1F1FB000173F0 /* sound-tap.mp3 in Resources */ = {isa = PBXBuildFile; fileRef = 05E0FA582BD1F1FB000173F0 /* sound-tap.mp3 */; };
/* End PBXBuildFile section */

/* Begin PBXFileReference section */
		05BE6A562BD7499300D1EE64 /* Constants.swift */ = {isa = PBXFileReference; lastKnownFileType = sourcecode.swift; path = Constants.swift; sourceTree = "<group>"; };
		05D951E52BE08F0100261192 /* HideKeyboardExtension.swift */ = {isa = PBXFileReference; lastKnownFileType = sourcecode.swift; path = HideKeyboardExtension.swift; sourceTree = "<group>"; };
		05D951E72BE315F800261192 /* BackgroundImageView.swift */ = {isa = PBXFileReference; lastKnownFileType = sourcecode.swift; path = BackgroundImageView.swift; sourceTree = "<group>"; };
		05E0FA402BD1F068000173F0 /* DemoDevote.app */ = {isa = PBXFileReference; explicitFileType = wrapper.application; includeInIndex = 0; path = DemoDevote.app; sourceTree = BUILT_PRODUCTS_DIR; };
		05E0FA432BD1F068000173F0 /* DemoDevoteApp.swift */ = {isa = PBXFileReference; lastKnownFileType = sourcecode.swift; path = DemoDevoteApp.swift; sourceTree = "<group>"; };
		05E0FA452BD1F068000173F0 /* ContentView.swift */ = {isa = PBXFileReference; lastKnownFileType = sourcecode.swift; path = ContentView.swift; sourceTree = "<group>"; };
		05E0FA472BD1F06A000173F0 /* Assets.xcassets */ = {isa = PBXFileReference; lastKnownFileType = folder.assetcatalog; path = Assets.xcassets; sourceTree = "<group>"; };
		05E0FA4A2BD1F06A000173F0 /* Preview Assets.xcassets */ = {isa = PBXFileReference; lastKnownFileType = folder.assetcatalog; path = "Preview Assets.xcassets"; sourceTree = "<group>"; };
		05E0FA4C2BD1F06A000173F0 /* Persistence.swift */ = {isa = PBXFileReference; lastKnownFileType = sourcecode.swift; path = Persistence.swift; sourceTree = "<group>"; };
		05E0FA4F2BD1F06A000173F0 /* DemoDevote.xcdatamodel */ = {isa = PBXFileReference; lastKnownFileType = wrapper.xcdatamodel; path = DemoDevote.xcdatamodel; sourceTree = "<group>"; };
		05E0FA562BD1F1FB000173F0 /* sound-ding.mp3 */ = {isa = PBXFileReference; lastKnownFileType = audio.mp3; path = "sound-ding.mp3"; sourceTree = "<group>"; };
		05E0FA572BD1F1FB000173F0 /* sound-rise.mp3 */ = {isa = PBXFileReference; lastKnownFileType = audio.mp3; path = "sound-rise.mp3"; sourceTree = "<group>"; };
		05E0FA582BD1F1FB000173F0 /* sound-tap.mp3 */ = {isa = PBXFileReference; lastKnownFileType = audio.mp3; path = "sound-tap.mp3"; sourceTree = "<group>"; };
		05E0FA622BD1F314000173F0 /* Info.plist */ = {isa = PBXFileReference; lastKnownFileType = text.plist; path = Info.plist; sourceTree = "<group>"; };
/* End PBXFileReference section */

/* Begin PBXFrameworksBuildPhase section */
		05E0FA3D2BD1F068000173F0 /* Frameworks */ = {
			isa = PBXFrameworksBuildPhase;
			buildActionMask = 2147483647;
			files = (
			);
			runOnlyForDeploymentPostprocessing = 0;
		};
/* End PBXFrameworksBuildPhase section */

/* Begin PBXGroup section */
		05E0FA372BD1F068000173F0 = {
			isa = PBXGroup;
			children = (
				05E0FA422BD1F068000173F0 /* DemoDevote */,
				05E0FA412BD1F068000173F0 /* Products */,
			);
			sourceTree = "<group>";
		};
		05E0FA412BD1F068000173F0 /* Products */ = {
			isa = PBXGroup;
			children = (
				05E0FA402BD1F068000173F0 /* DemoDevote.app */,
			);
			name = Products;
			sourceTree = "<group>";
		};
		05E0FA422BD1F068000173F0 /* DemoDevote */ = {
			isa = PBXGroup;
			children = (
				05E0FA622BD1F314000173F0 /* Info.plist */,
				05E0FA432BD1F068000173F0 /* DemoDevoteApp.swift */,
				05E0FA5D2BD1F231000173F0 /* View */,
				05E0FA612BD1F280000173F0 /* Model */,
				05E0FA602BD1F25F000173F0 /* Style */,
				05E0FA5F2BD1F24D000173F0 /* Utility */,
				05E0FA5E2BD1F244000173F0 /* Extension */,
				05E0FA5C2BD1F225000173F0 /* Sound */,
				05E0FA472BD1F06A000173F0 /* Assets.xcassets */,
				05E0FA492BD1F06A000173F0 /* Preview Content */,
			);
			path = DemoDevote;
			sourceTree = "<group>";
		};
		05E0FA492BD1F06A000173F0 /* Preview Content */ = {
			isa = PBXGroup;
			children = (
				05E0FA4A2BD1F06A000173F0 /* Preview Assets.xcassets */,
			);
			path = "Preview Content";
			sourceTree = "<group>";
		};
		05E0FA5C2BD1F225000173F0 /* Sound */ = {
			isa = PBXGroup;
			children = (
				05E0FA562BD1F1FB000173F0 /* sound-ding.mp3 */,
				05E0FA572BD1F1FB000173F0 /* sound-rise.mp3 */,
				05E0FA582BD1F1FB000173F0 /* sound-tap.mp3 */,
			);
			path = Sound;
			sourceTree = "<group>";
		};
		05E0FA5D2BD1F231000173F0 /* View */ = {
			isa = PBXGroup;
			children = (
				05E0FA452BD1F068000173F0 /* ContentView.swift */,
				05D951E72BE315F800261192 /* BackgroundImageView.swift */,
			);
			path = View;
			sourceTree = "<group>";
		};
		05E0FA5E2BD1F244000173F0 /* Extension */ = {
			isa = PBXGroup;
			children = (
				05D951E52BE08F0100261192 /* HideKeyboardExtension.swift */,
			);
			path = Extension;
			sourceTree = "<group>";
		};
		05E0FA5F2BD1F24D000173F0 /* Utility */ = {
			isa = PBXGroup;
			children = (
				05BE6A562BD7499300D1EE64 /* Constants.swift */,
			);
			path = Utility;
			sourceTree = "<group>";
		};
		05E0FA602BD1F25F000173F0 /* Style */ = {
			isa = PBXGroup;
			children = (
			);
			path = Style;
			sourceTree = "<group>";
		};
		05E0FA612BD1F280000173F0 /* Model */ = {
			isa = PBXGroup;
			children = (
				05E0FA4C2BD1F06A000173F0 /* Persistence.swift */,
				05E0FA4E2BD1F06A000173F0 /* DemoDevote.xcdatamodeld */,
			);
			path = Model;
			sourceTree = "<group>";
		};
/* End PBXGroup section */

/* Begin PBXNativeTarget section */
		05E0FA3F2BD1F068000173F0 /* DemoDevote */ = {
			isa = PBXNativeTarget;
			buildConfigurationList = 05E0FA532BD1F06A000173F0 /* Build configuration list for PBXNativeTarget "DemoDevote" */;
			buildPhases = (
				05E0FA3C2BD1F068000173F0 /* Sources */,
				05E0FA3D2BD1F068000173F0 /* Frameworks */,
				05E0FA3E2BD1F068000173F0 /* Resources */,
			);
			buildRules = (
			);
			dependencies = (
			);
			name = DemoDevote;
			productName = DemoDevote;
			productReference = 05E0FA402BD1F068000173F0 /* DemoDevote.app */;
			productType = "com.apple.product-type.application";
		};
/* End PBXNativeTarget section */

/* Begin PBXProject section */
		05E0FA382BD1F068000173F0 /* Project object */ = {
			isa = PBXProject;
			attributes = {
				BuildIndependentTargetsInParallel = 1;
				LastSwiftUpdateCheck = 1520;
				LastUpgradeCheck = 1520;
				TargetAttributes = {
					05E0FA3F2BD1F068000173F0 = {
						CreatedOnToolsVersion = 15.2;
					};
				};
			};
			buildConfigurationList = 05E0FA3B2BD1F068000173F0 /* Build configuration list for PBXProject "DemoDevote" */;
			compatibilityVersion = "Xcode 14.0";
			developmentRegion = en;
			hasScannedForEncodings = 0;
			knownRegions = (
				en,
				Base,
			);
			mainGroup = 05E0FA372BD1F068000173F0;
			productRefGroup = 05E0FA412BD1F068000173F0 /* Products */;
			projectDirPath = "";
			projectRoot = "";
			targets = (
				05E0FA3F2BD1F068000173F0 /* DemoDevote */,
			);
		};
/* End PBXProject section */

/* Begin PBXResourcesBuildPhase section */
		05E0FA3E2BD1F068000173F0 /* Resources */ = {
			isa = PBXResourcesBuildPhase;
			buildActionMask = 2147483647;
			files = (
				05E0FA4B2BD1F06A000173F0 /* Preview Assets.xcassets in Resources */,
				05E0FA5A2BD1F1FB000173F0 /* sound-rise.mp3 in Resources */,
				05E0FA482BD1F06A000173F0 /* Assets.xcassets in Resources */,
				05E0FA5B2BD1F1FB000173F0 /* sound-tap.mp3 in Resources */,
				05E0FA592BD1F1FB000173F0 /* sound-ding.mp3 in Resources */,
			);
			runOnlyForDeploymentPostprocessing = 0;
		};
/* End PBXResourcesBuildPhase section */

/* Begin PBXSourcesBuildPhase section */
		05E0FA3C2BD1F068000173F0 /* Sources */ = {
			isa = PBXSourcesBuildPhase;
			buildActionMask = 2147483647;
			files = (
				05BE6A572BD7499300D1EE64 /* Constants.swift in Sources */,
				05D951E82BE315F800261192 /* BackgroundImageView.swift in Sources */,
				05E0FA4D2BD1F06A000173F0 /* Persistence.swift in Sources */,
				05D951E62BE08F0100261192 /* HideKeyboardExtension.swift in Sources */,
				05E0FA462BD1F068000173F0 /* ContentView.swift in Sources */,
				05E0FA442BD1F068000173F0 /* DemoDevoteApp.swift in Sources */,
				05E0FA502BD1F06A000173F0 /* DemoDevote.xcdatamodeld in Sources */,
			);
			runOnlyForDeploymentPostprocessing = 0;
		};
/* End PBXSourcesBuildPhase section */

/* Begin XCBuildConfiguration section */
		05E0FA512BD1F06A000173F0 /* Debug */ = {
			isa = XCBuildConfiguration;
			buildSettings = {
				ALWAYS_SEARCH_USER_PATHS = NO;
				ASSETCATALOG_COMPILER_GENERATE_SWIFT_ASSET_SYMBOL_EXTENSIONS = YES;
				CLANG_ANALYZER_NONNULL = YES;
				CLANG_ANALYZER_NUMBER_OBJECT_CONVERSION = YES_AGGRESSIVE;
				CLANG_CXX_LANGUAGE_STANDARD = "gnu++20";
				CLANG_ENABLE_MODULES = YES;
				CLANG_ENABLE_OBJC_ARC = YES;
				CLANG_ENABLE_OBJC_WEAK = YES;
				CLANG_WARN_BLOCK_CAPTURE_AUTORELEASING = YES;
				CLANG_WARN_BOOL_CONVERSION = YES;
				CLANG_WARN_COMMA = YES;
				CLANG_WARN_CONSTANT_CONVERSION = YES;
				CLANG_WARN_DEPRECATED_OBJC_IMPLEMENTATIONS = YES;
				CLANG_WARN_DIRECT_OBJC_ISA_USAGE = YES_ERROR;
				CLANG_WARN_DOCUMENTATION_COMMENTS = YES;
				CLANG_WARN_EMPTY_BODY = YES;
				CLANG_WARN_ENUM_CONVERSION = YES;
				CLANG_WARN_INFINITE_RECURSION = YES;
				CLANG_WARN_INT_CONVERSION = YES;
				CLANG_WARN_NON_LITERAL_NULL_CONVERSION = YES;
				CLANG_WARN_OBJC_IMPLICIT_RETAIN_SELF = YES;
				CLANG_WARN_OBJC_LITERAL_CONVERSION = YES;
				CLANG_WARN_OBJC_ROOT_CLASS = YES_ERROR;
				CLANG_WARN_QUOTED_INCLUDE_IN_FRAMEWORK_HEADER = YES;
				CLANG_WARN_RANGE_LOOP_ANALYSIS = YES;
				CLANG_WARN_STRICT_PROTOTYPES = YES;
				CLANG_WARN_SUSPICIOUS_MOVE = YES;
				CLANG_WARN_UNGUARDED_AVAILABILITY = YES_AGGRESSIVE;
				CLANG_WARN_UNREACHABLE_CODE = YES;
				CLANG_WARN__DUPLICATE_METHOD_MATCH = YES;
				COPY_PHASE_STRIP = NO;
				DEBUG_INFORMATION_FORMAT = dwarf;
				ENABLE_STRICT_OBJC_MSGSEND = YES;
				ENABLE_TESTABILITY = YES;
				ENABLE_USER_SCRIPT_SANDBOXING = YES;
				GCC_C_LANGUAGE_STANDARD = gnu17;
				GCC_DYNAMIC_NO_PIC = NO;
				GCC_NO_COMMON_BLOCKS = YES;
				GCC_OPTIMIZATION_LEVEL = 0;
				GCC_PREPROCESSOR_DEFINITIONS = (
					"DEBUG=1",
					"$(inherited)",
				);
				GCC_WARN_64_TO_32_BIT_CONVERSION = YES;
				GCC_WARN_ABOUT_RETURN_TYPE = YES_ERROR;
				GCC_WARN_UNDECLARED_SELECTOR = YES;
				GCC_WARN_UNINITIALIZED_AUTOS = YES_AGGRESSIVE;
				GCC_WARN_UNUSED_FUNCTION = YES;
				GCC_WARN_UNUSED_VARIABLE = YES;
				IPHONEOS_DEPLOYMENT_TARGET = 17.2;
				LOCALIZATION_PREFERS_STRING_CATALOGS = YES;
				MTL_ENABLE_DEBUG_INFO = INCLUDE_SOURCE;
				MTL_FAST_MATH = YES;
				ONLY_ACTIVE_ARCH = YES;
				SDKROOT = iphoneos;
				SWIFT_ACTIVE_COMPILATION_CONDITIONS = "DEBUG $(inherited)";
				SWIFT_OPTIMIZATION_LEVEL = "-Onone";
			};
			name = Debug;
		};
		05E0FA522BD1F06A000173F0 /* Release */ = {
			isa = XCBuildConfiguration;
			buildSettings = {
				ALWAYS_SEARCH_USER_PATHS = NO;
				ASSETCATALOG_COMPILER_GENERATE_SWIFT_ASSET_SYMBOL_EXTENSIONS = YES;
				CLANG_ANALYZER_NONNULL = YES;
				CLANG_ANALYZER_NUMBER_OBJECT_CONVERSION = YES_AGGRESSIVE;
				CLANG_CXX_LANGUAGE_STANDARD = "gnu++20";
				CLANG_ENABLE_MODULES = YES;
				CLANG_ENABLE_OBJC_ARC = YES;
				CLANG_ENABLE_OBJC_WEAK = YES;
				CLANG_WARN_BLOCK_CAPTURE_AUTORELEASING = YES;
				CLANG_WARN_BOOL_CONVERSION = YES;
				CLANG_WARN_COMMA = YES;
				CLANG_WARN_CONSTANT_CONVERSION = YES;
				CLANG_WARN_DEPRECATED_OBJC_IMPLEMENTATIONS = YES;
				CLANG_WARN_DIRECT_OBJC_ISA_USAGE = YES_ERROR;
				CLANG_WARN_DOCUMENTATION_COMMENTS = YES;
				CLANG_WARN_EMPTY_BODY = YES;
				CLANG_WARN_ENUM_CONVERSION = YES;
				CLANG_WARN_INFINITE_RECURSION = YES;
				CLANG_WARN_INT_CONVERSION = YES;
				CLANG_WARN_NON_LITERAL_NULL_CONVERSION = YES;
				CLANG_WARN_OBJC_IMPLICIT_RETAIN_SELF = YES;
				CLANG_WARN_OBJC_LITERAL_CONVERSION = YES;
				CLANG_WARN_OBJC_ROOT_CLASS = YES_ERROR;
				CLANG_WARN_QUOTED_INCLUDE_IN_FRAMEWORK_HEADER = YES;
				CLANG_WARN_RANGE_LOOP_ANALYSIS = YES;
				CLANG_WARN_STRICT_PROTOTYPES = YES;
				CLANG_WARN_SUSPICIOUS_MOVE = YES;
				CLANG_WARN_UNGUARDED_AVAILABILITY = YES_AGGRESSIVE;
				CLANG_WARN_UNREACHABLE_CODE = YES;
				CLANG_WARN__DUPLICATE_METHOD_MATCH = YES;
				COPY_PHASE_STRIP = NO;
				DEBUG_INFORMATION_FORMAT = "dwarf-with-dsym";
				ENABLE_NS_ASSERTIONS = NO;
				ENABLE_STRICT_OBJC_MSGSEND = YES;
				ENABLE_USER_SCRIPT_SANDBOXING = YES;
				GCC_C_LANGUAGE_STANDARD = gnu17;
				GCC_NO_COMMON_BLOCKS = YES;
				GCC_WARN_64_TO_32_BIT_CONVERSION = YES;
				GCC_WARN_ABOUT_RETURN_TYPE = YES_ERROR;
				GCC_WARN_UNDECLARED_SELECTOR = YES;
				GCC_WARN_UNINITIALIZED_AUTOS = YES_AGGRESSIVE;
				GCC_WARN_UNUSED_FUNCTION = YES;
				GCC_WARN_UNUSED_VARIABLE = YES;
				IPHONEOS_DEPLOYMENT_TARGET = 17.2;
				LOCALIZATION_PREFERS_STRING_CATALOGS = YES;
				MTL_ENABLE_DEBUG_INFO = NO;
				MTL_FAST_MATH = YES;
				SDKROOT = iphoneos;
				SWIFT_COMPILATION_MODE = wholemodule;
				VALIDATE_PRODUCT = YES;
			};
			name = Release;
		};
		05E0FA542BD1F06A000173F0 /* Debug */ = {
			isa = XCBuildConfiguration;
			buildSettings = {
				ASSETCATALOG_COMPILER_APPICON_NAME = AppIcon;
				ASSETCATALOG_COMPILER_GLOBAL_ACCENT_COLOR_NAME = AccentColor;
				CODE_SIGN_STYLE = Automatic;
				CURRENT_PROJECT_VERSION = 1;
				DEVELOPMENT_ASSET_PATHS = "\"DemoDevote/Preview Content\"";
				DEVELOPMENT_TEAM = 6LYSCZM2WQ;
				ENABLE_PREVIEWS = YES;
				GENERATE_INFOPLIST_FILE = YES;
				INFOPLIST_FILE = DemoDevote/Info.plist;
				INFOPLIST_KEY_LSApplicationCategoryType = "";
				INFOPLIST_KEY_UIApplicationSceneManifest_Generation = YES;
				INFOPLIST_KEY_UIApplicationSupportsIndirectInputEvents = YES;
				INFOPLIST_KEY_UISupportedInterfaceOrientations = UIInterfaceOrientationPortrait;
				INFOPLIST_KEY_UISupportedInterfaceOrientations_iPad = "UIInterfaceOrientationPortrait UIInterfaceOrientationPortraitUpsideDown";
				LD_RUNPATH_SEARCH_PATHS = (
					"$(inherited)",
					"@executable_path/Frameworks",
				);
				MARKETING_VERSION = 1.0;
				PRODUCT_BUNDLE_IDENTIFIER = com.gidsarlab.DemoDevote;
				PRODUCT_NAME = "$(TARGET_NAME)";
				SWIFT_EMIT_LOC_STRINGS = YES;
				SWIFT_VERSION = 5.0;
				TARGETED_DEVICE_FAMILY = "1,2";
			};
			name = Debug;
		};
		05E0FA552BD1F06A000173F0 /* Release */ = {
			isa = XCBuildConfiguration;
			buildSettings = {
				ASSETCATALOG_COMPILER_APPICON_NAME = AppIcon;
				ASSETCATALOG_COMPILER_GLOBAL_ACCENT_COLOR_NAME = AccentColor;
				CODE_SIGN_STYLE = Automatic;
				CURRENT_PROJECT_VERSION = 1;
				DEVELOPMENT_ASSET_PATHS = "\"DemoDevote/Preview Content\"";
				DEVELOPMENT_TEAM = 6LYSCZM2WQ;
				ENABLE_PREVIEWS = YES;
				GENERATE_INFOPLIST_FILE = YES;
				INFOPLIST_FILE = DemoDevote/Info.plist;
				INFOPLIST_KEY_LSApplicationCategoryType = "";
				INFOPLIST_KEY_UIApplicationSceneManifest_Generation = YES;
				INFOPLIST_KEY_UIApplicationSupportsIndirectInputEvents = YES;
				INFOPLIST_KEY_UISupportedInterfaceOrientations = UIInterfaceOrientationPortrait;
				INFOPLIST_KEY_UISupportedInterfaceOrientations_iPad = "UIInterfaceOrientationPortrait UIInterfaceOrientationPortraitUpsideDown";
				LD_RUNPATH_SEARCH_PATHS = (
					"$(inherited)",
					"@executable_path/Frameworks",
				);
				MARKETING_VERSION = 1.0;
				PRODUCT_BUNDLE_IDENTIFIER = com.gidsarlab.DemoDevote;
				PRODUCT_NAME = "$(TARGET_NAME)";
				SWIFT_EMIT_LOC_STRINGS = YES;
				SWIFT_VERSION = 5.0;
				TARGETED_DEVICE_FAMILY = "1,2";
			};
			name = Release;
		};
/* End XCBuildConfiguration section */

/* Begin XCConfigurationList section */
		05E0FA3B2BD1F068000173F0 /* Build configuration list for PBXProject "DemoDevote" */ = {
			isa = XCConfigurationList;
			buildConfigurations = (
				05E0FA512BD1F06A000173F0 /* Debug */,
				05E0FA522BD1F06A000173F0 /* Release */,
			);
			defaultConfigurationIsVisible = 0;
			defaultConfigurationName = Release;
		};
		05E0FA532BD1F06A000173F0 /* Build configuration list for PBXNativeTarget "DemoDevote" */ = {
			isa = XCConfigurationList;
			buildConfigurations = (
				05E0FA542BD1F06A000173F0 /* Debug */,
				05E0FA552BD1F06A000173F0 /* Release */,
			);
			defaultConfigurationIsVisible = 0;
			defaultConfigurationName = Release;
		};
/* End XCConfigurationList section */

/* Begin XCVersionGroup section */
		05E0FA4E2BD1F06A000173F0 /* DemoDevote.xcdatamodeld */ = {
			isa = XCVersionGroup;
			children = (
				05E0FA4F2BD1F06A000173F0 /* DemoDevote.xcdatamodel */,
			);
			currentVersion = 05E0FA4F2BD1F06A000173F0 /* DemoDevote.xcdatamodel */;
			path = DemoDevote.xcdatamodeld;
			sourceTree = "<group>";
			versionGroupType = wrapper.xcdatamodel;
		};
/* End XCVersionGroup section */
	};
	rootObject = 05E0FA382BD1F068000173F0 /* Project object */;
}
